
Microsoft Visual Studio Solution File, Format Version 12.00
# Visual Studio Version 17
VisualStudioVersion = 17.5.2.0
MinimumVisualStudioVersion = 10.0.40219.1
Project("{FAE04EC0-301F-11D3-BF4B-00C04F79EFBC}") = "Kuestencode.Core", "src\Core\Kuestencode.Core.csproj", "{A1B2C3D4-1111-2222-3333-444444444444}"
EndProject
Project("{FAE04EC0-301F-11D3-BF4B-00C04F79EFBC}") = "Kuestencode.Shared.UI", "src\Shared.UI\Kuestencode.Shared.UI.csproj", "{A1B2C3D4-5555-6666-7777-888888888888}"
EndProject
Project("{FAE04EC0-301F-11D3-BF4B-00C04F79EFBC}") = "Kuestencode.Faktura", "src\Modules\Faktura\Kuestencode.Faktura.csproj", "{A1B2C3D4-9999-AAAA-BBBB-CCCCCCCCCCCC}"
EndProject
Project("{FAE04EC0-301F-11D3-BF4B-00C04F79EFBC}") = "Kuestencode.Core.Tests", "tests\Kuestencode.Core.Tests\Kuestencode.Core.Tests.csproj", "{B2C3D4E5-1111-2222-3333-444444444444}"
EndProject
Project("{FAE04EC0-301F-11D3-BF4B-00C04F79EFBC}") = "Kuestencode.Faktura.Tests", "tests\Kuestencode.Faktura.Tests\Kuestencode.Faktura.Tests.csproj", "{B2C3D4E5-5555-6666-7777-888888888888}"
EndProject
Project("{2150E333-8FDC-42A3-9474-1A3956D46DE8}") = "src", "src", "{EEEE1111-2222-3333-4444-555555555555}"
EndProject
Project("{2150E333-8FDC-42A3-9474-1A3956D46DE8}") = "Core", "Core", "{EEEE2222-3333-4444-5555-666666666666}"
EndProject
Project("{2150E333-8FDC-42A3-9474-1A3956D46DE8}") = "Shared.UI", "Shared.UI", "{EEEE3333-4444-5555-6666-777777777777}"
EndProject
Project("{2150E333-8FDC-42A3-9474-1A3956D46DE8}") = "Modules", "Modules", "{EEEE4444-5555-6666-7777-888888888888}"
EndProject
Project("{2150E333-8FDC-42A3-9474-1A3956D46DE8}") = "tests", "tests", "{EEEE5555-6666-7777-8888-999999999999}"
EndProject
Project("{2150E333-8FDC-42A3-9474-1A3956D46DE8}") = "Host", "Host", "{CF5D90D0-312B-7ABE-205C-46E7A17D525C}"
EndProject
Project("{FAE04EC0-301F-11D3-BF4B-00C04F79EFBC}") = "Kuestencode.Werkbank.Host", "src\Host\Kuestencode.Werkbank.Host.csproj", "{DD38CE5C-21AB-4259-BD4F-425E0A0C1D54}"
EndProject
Project("{FAE04EC0-301F-11D3-BF4B-00C04F79EFBC}") = "Kuestencode.Shared.Contracts", "src\Kuestencode.Shared.Contracts\Kuestencode.Shared.Contracts.csproj", "{9DB1117A-9254-447F-87D7-547F2D47690A}"
EndProject
Project("{FAE04EC0-301F-11D3-BF4B-00C04F79EFBC}") = "Kuestencode.Shared.ApiClients", "src\Kuestencode.Shared.ApiClients\Kuestencode.Shared.ApiClients.csproj", "{0846E4F0-8688-40E8-9222-C649CD0E0690}"
EndProject
Project("{2150E333-8FDC-42A3-9474-1A3956D46DE8}") = "Host.Services", "Host.Services", "{34BBC5CE-A39E-7A2A-2A36-A0D4F8578427}"
EndProject
Project("{FAE04EC0-301F-11D3-BF4B-00C04F79EFBC}") = "Kuestencode.Host.Services", "src\Host.Services\Kuestencode.Host.Services.csproj", "{513F56F3-234A-4ACC-8863-E4F086FF46CD}"
EndProject
Global
	GlobalSection(SolutionConfigurationPlatforms) = preSolution
		Debug|Any CPU = Debug|Any CPU
		Debug|x64 = Debug|x64
		Debug|x86 = Debug|x86
		Release|Any CPU = Release|Any CPU
		Release|x64 = Release|x64
		Release|x86 = Release|x86
	EndGlobalSection
	GlobalSection(ProjectConfigurationPlatforms) = postSolution
		{A1B2C3D4-1111-2222-3333-444444444444}.Debug|Any CPU.ActiveCfg = Debug|Any CPU
		{A1B2C3D4-1111-2222-3333-444444444444}.Debug|Any CPU.Build.0 = Debug|Any CPU
		{A1B2C3D4-1111-2222-3333-444444444444}.Debug|x64.ActiveCfg = Debug|Any CPU
		{A1B2C3D4-1111-2222-3333-444444444444}.Debug|x64.Build.0 = Debug|Any CPU
		{A1B2C3D4-1111-2222-3333-444444444444}.Debug|x86.ActiveCfg = Debug|Any CPU
		{A1B2C3D4-1111-2222-3333-444444444444}.Debug|x86.Build.0 = Debug|Any CPU
		{A1B2C3D4-1111-2222-3333-444444444444}.Release|Any CPU.ActiveCfg = Release|Any CPU
		{A1B2C3D4-1111-2222-3333-444444444444}.Release|Any CPU.Build.0 = Release|Any CPU
		{A1B2C3D4-1111-2222-3333-444444444444}.Release|x64.ActiveCfg = Release|Any CPU
		{A1B2C3D4-1111-2222-3333-444444444444}.Release|x64.Build.0 = Release|Any CPU
		{A1B2C3D4-1111-2222-3333-444444444444}.Release|x86.ActiveCfg = Release|Any CPU
		{A1B2C3D4-1111-2222-3333-444444444444}.Release|x86.Build.0 = Release|Any CPU
		{A1B2C3D4-5555-6666-7777-888888888888}.Debug|Any CPU.ActiveCfg = Debug|Any CPU
		{A1B2C3D4-5555-6666-7777-888888888888}.Debug|Any CPU.Build.0 = Debug|Any CPU
		{A1B2C3D4-5555-6666-7777-888888888888}.Debug|x64.ActiveCfg = Debug|Any CPU
		{A1B2C3D4-5555-6666-7777-888888888888}.Debug|x64.Build.0 = Debug|Any CPU
		{A1B2C3D4-5555-6666-7777-888888888888}.Debug|x86.ActiveCfg = Debug|Any CPU
		{A1B2C3D4-5555-6666-7777-888888888888}.Debug|x86.Build.0 = Debug|Any CPU
		{A1B2C3D4-5555-6666-7777-888888888888}.Release|Any CPU.ActiveCfg = Release|Any CPU
		{A1B2C3D4-5555-6666-7777-888888888888}.Release|Any CPU.Build.0 = Release|Any CPU
		{A1B2C3D4-5555-6666-7777-888888888888}.Release|x64.ActiveCfg = Release|Any CPU
		{A1B2C3D4-5555-6666-7777-888888888888}.Release|x64.Build.0 = Release|Any CPU
		{A1B2C3D4-5555-6666-7777-888888888888}.Release|x86.ActiveCfg = Release|Any CPU
		{A1B2C3D4-5555-6666-7777-888888888888}.Release|x86.Build.0 = Release|Any CPU
		{A1B2C3D4-9999-AAAA-BBBB-CCCCCCCCCCCC}.Debug|Any CPU.ActiveCfg = Debug|Any CPU
		{A1B2C3D4-9999-AAAA-BBBB-CCCCCCCCCCCC}.Debug|Any CPU.Build.0 = Debug|Any CPU
		{A1B2C3D4-9999-AAAA-BBBB-CCCCCCCCCCCC}.Debug|x64.ActiveCfg = Debug|Any CPU
		{A1B2C3D4-9999-AAAA-BBBB-CCCCCCCCCCCC}.Debug|x64.Build.0 = Debug|Any CPU
		{A1B2C3D4-9999-AAAA-BBBB-CCCCCCCCCCCC}.Debug|x86.ActiveCfg = Debug|Any CPU
		{A1B2C3D4-9999-AAAA-BBBB-CCCCCCCCCCCC}.Debug|x86.Build.0 = Debug|Any CPU
		{A1B2C3D4-9999-AAAA-BBBB-CCCCCCCCCCCC}.Release|Any CPU.ActiveCfg = Release|Any CPU
		{A1B2C3D4-9999-AAAA-BBBB-CCCCCCCCCCCC}.Release|Any CPU.Build.0 = Release|Any CPU
		{A1B2C3D4-9999-AAAA-BBBB-CCCCCCCCCCCC}.Release|x64.ActiveCfg = Release|Any CPU
		{A1B2C3D4-9999-AAAA-BBBB-CCCCCCCCCCCC}.Release|x64.Build.0 = Release|Any CPU
		{A1B2C3D4-9999-AAAA-BBBB-CCCCCCCCCCCC}.Release|x86.ActiveCfg = Release|Any CPU
		{A1B2C3D4-9999-AAAA-BBBB-CCCCCCCCCCCC}.Release|x86.Build.0 = Release|Any CPU
		{B2C3D4E5-1111-2222-3333-444444444444}.Debug|Any CPU.ActiveCfg = Debug|Any CPU
		{B2C3D4E5-1111-2222-3333-444444444444}.Debug|Any CPU.Build.0 = Debug|Any CPU
		{B2C3D4E5-1111-2222-3333-444444444444}.Debug|x64.ActiveCfg = Debug|Any CPU
		{B2C3D4E5-1111-2222-3333-444444444444}.Debug|x64.Build.0 = Debug|Any CPU
		{B2C3D4E5-1111-2222-3333-444444444444}.Debug|x86.ActiveCfg = Debug|Any CPU
		{B2C3D4E5-1111-2222-3333-444444444444}.Debug|x86.Build.0 = Debug|Any CPU
		{B2C3D4E5-1111-2222-3333-444444444444}.Release|Any CPU.ActiveCfg = Release|Any CPU
		{B2C3D4E5-1111-2222-3333-444444444444}.Release|Any CPU.Build.0 = Release|Any CPU
		{B2C3D4E5-1111-2222-3333-444444444444}.Release|x64.ActiveCfg = Release|Any CPU
		{B2C3D4E5-1111-2222-3333-444444444444}.Release|x64.Build.0 = Release|Any CPU
		{B2C3D4E5-1111-2222-3333-444444444444}.Release|x86.ActiveCfg = Release|Any CPU
		{B2C3D4E5-1111-2222-3333-444444444444}.Release|x86.Build.0 = Release|Any CPU
		{B2C3D4E5-5555-6666-7777-888888888888}.Debug|Any CPU.ActiveCfg = Debug|Any CPU
		{B2C3D4E5-5555-6666-7777-888888888888}.Debug|Any CPU.Build.0 = Debug|Any CPU
		{B2C3D4E5-5555-6666-7777-888888888888}.Debug|x64.ActiveCfg = Debug|Any CPU
		{B2C3D4E5-5555-6666-7777-888888888888}.Debug|x64.Build.0 = Debug|Any CPU
		{B2C3D4E5-5555-6666-7777-888888888888}.Debug|x86.ActiveCfg = Debug|Any CPU
		{B2C3D4E5-5555-6666-7777-888888888888}.Debug|x86.Build.0 = Debug|Any CPU
		{B2C3D4E5-5555-6666-7777-888888888888}.Release|Any CPU.ActiveCfg = Release|Any CPU
		{B2C3D4E5-5555-6666-7777-888888888888}.Release|Any CPU.Build.0 = Release|Any CPU
		{B2C3D4E5-5555-6666-7777-888888888888}.Release|x64.ActiveCfg = Release|Any CPU
		{B2C3D4E5-5555-6666-7777-888888888888}.Release|x64.Build.0 = Release|Any CPU
		{B2C3D4E5-5555-6666-7777-888888888888}.Release|x86.ActiveCfg = Release|Any CPU
		{B2C3D4E5-5555-6666-7777-888888888888}.Release|x86.Build.0 = Release|Any CPU
		{DD38CE5C-21AB-4259-BD4F-425E0A0C1D54}.Debug|Any CPU.ActiveCfg = Debug|Any CPU
		{DD38CE5C-21AB-4259-BD4F-425E0A0C1D54}.Debug|Any CPU.Build.0 = Debug|Any CPU
		{DD38CE5C-21AB-4259-BD4F-425E0A0C1D54}.Debug|x64.ActiveCfg = Debug|Any CPU
		{DD38CE5C-21AB-4259-BD4F-425E0A0C1D54}.Debug|x64.Build.0 = Debug|Any CPU
		{DD38CE5C-21AB-4259-BD4F-425E0A0C1D54}.Debug|x86.ActiveCfg = Debug|Any CPU
		{DD38CE5C-21AB-4259-BD4F-425E0A0C1D54}.Debug|x86.Build.0 = Debug|Any CPU
		{DD38CE5C-21AB-4259-BD4F-425E0A0C1D54}.Release|Any CPU.ActiveCfg = Release|Any CPU
		{DD38CE5C-21AB-4259-BD4F-425E0A0C1D54}.Release|Any CPU.Build.0 = Release|Any CPU
		{DD38CE5C-21AB-4259-BD4F-425E0A0C1D54}.Release|x64.ActiveCfg = Release|Any CPU
		{DD38CE5C-21AB-4259-BD4F-425E0A0C1D54}.Release|x64.Build.0 = Release|Any CPU
		{DD38CE5C-21AB-4259-BD4F-425E0A0C1D54}.Release|x86.ActiveCfg = Release|Any CPU
		{DD38CE5C-21AB-4259-BD4F-425E0A0C1D54}.Release|x86.Build.0 = Release|Any CPU
		{9DB1117A-9254-447F-87D7-547F2D47690A}.Debug|Any CPU.ActiveCfg = Debug|Any CPU
		{9DB1117A-9254-447F-87D7-547F2D47690A}.Debug|Any CPU.Build.0 = Debug|Any CPU
		{9DB1117A-9254-447F-87D7-547F2D47690A}.Debug|x64.ActiveCfg = Debug|Any CPU
		{9DB1117A-9254-447F-87D7-547F2D47690A}.Debug|x64.Build.0 = Debug|Any CPU
		{9DB1117A-9254-447F-87D7-547F2D47690A}.Debug|x86.ActiveCfg = Debug|Any CPU
		{9DB1117A-9254-447F-87D7-547F2D47690A}.Debug|x86.Build.0 = Debug|Any CPU
		{9DB1117A-9254-447F-87D7-547F2D47690A}.Release|Any CPU.ActiveCfg = Release|Any CPU
		{9DB1117A-9254-447F-87D7-547F2D47690A}.Release|Any CPU.Build.0 = Release|Any CPU
		{9DB1117A-9254-447F-87D7-547F2D47690A}.Release|x64.ActiveCfg = Release|Any CPU
		{9DB1117A-9254-447F-87D7-547F2D47690A}.Release|x64.Build.0 = Release|Any CPU
		{9DB1117A-9254-447F-87D7-547F2D47690A}.Release|x86.ActiveCfg = Release|Any CPU
		{9DB1117A-9254-447F-87D7-547F2D47690A}.Release|x86.Build.0 = Release|Any CPU
		{0846E4F0-8688-40E8-9222-C649CD0E0690}.Debug|Any CPU.ActiveCfg = Debug|Any CPU
		{0846E4F0-8688-40E8-9222-C649CD0E0690}.Debug|Any CPU.Build.0 = Debug|Any CPU
		{0846E4F0-8688-40E8-9222-C649CD0E0690}.Debug|x64.ActiveCfg = Debug|Any CPU
		{0846E4F0-8688-40E8-9222-C649CD0E0690}.Debug|x64.Build.0 = Debug|Any CPU
		{0846E4F0-8688-40E8-9222-C649CD0E0690}.Debug|x86.ActiveCfg = Debug|Any CPU
		{0846E4F0-8688-40E8-9222-C649CD0E0690}.Debug|x86.Build.0 = Debug|Any CPU
		{0846E4F0-8688-40E8-9222-C649CD0E0690}.Release|Any CPU.ActiveCfg = Release|Any CPU
		{0846E4F0-8688-40E8-9222-C649CD0E0690}.Release|Any CPU.Build.0 = Release|Any CPU
		{0846E4F0-8688-40E8-9222-C649CD0E0690}.Release|x64.ActiveCfg = Release|Any CPU
		{0846E4F0-8688-40E8-9222-C649CD0E0690}.Release|x64.Build.0 = Release|Any CPU
		{0846E4F0-8688-40E8-9222-C649CD0E0690}.Release|x86.ActiveCfg = Release|Any CPU
		{0846E4F0-8688-40E8-9222-C649CD0E0690}.Release|x86.Build.0 = Release|Any CPU
		{513F56F3-234A-4ACC-8863-E4F086FF46CD}.Debug|Any CPU.ActiveCfg = Debug|Any CPU
		{513F56F3-234A-4ACC-8863-E4F086FF46CD}.Debug|Any CPU.Build.0 = Debug|Any CPU
		{513F56F3-234A-4ACC-8863-E4F086FF46CD}.Debug|x64.ActiveCfg = Debug|Any CPU
		{513F56F3-234A-4ACC-8863-E4F086FF46CD}.Debug|x64.Build.0 = Debug|Any CPU
		{513F56F3-234A-4ACC-8863-E4F086FF46CD}.Debug|x86.ActiveCfg = Debug|Any CPU
		{513F56F3-234A-4ACC-8863-E4F086FF46CD}.Debug|x86.Build.0 = Debug|Any CPU
		{513F56F3-234A-4ACC-8863-E4F086FF46CD}.Release|Any CPU.ActiveCfg = Release|Any CPU
		{513F56F3-234A-4ACC-8863-E4F086FF46CD}.Release|Any CPU.Build.0 = Release|Any CPU
		{513F56F3-234A-4ACC-8863-E4F086FF46CD}.Release|x64.ActiveCfg = Release|Any CPU
		{513F56F3-234A-4ACC-8863-E4F086FF46CD}.Release|x64.Build.0 = Release|Any CPU
		{513F56F3-234A-4ACC-8863-E4F086FF46CD}.Release|x86.ActiveCfg = Release|Any CPU
		{513F56F3-234A-4ACC-8863-E4F086FF46CD}.Release|x86.Build.0 = Release|Any CPU
	EndGlobalSection
	GlobalSection(SolutionProperties) = preSolution
		HideSolutionNode = FALSE
	EndGlobalSection
	GlobalSection(NestedProjects) = preSolution
		{A1B2C3D4-1111-2222-3333-444444444444} = {EEEE2222-3333-4444-5555-666666666666}
		{A1B2C3D4-5555-6666-7777-888888888888} = {EEEE3333-4444-5555-6666-777777777777}
		{A1B2C3D4-9999-AAAA-BBBB-CCCCCCCCCCCC} = {EEEE4444-5555-6666-7777-888888888888}
		{B2C3D4E5-1111-2222-3333-444444444444} = {EEEE5555-6666-7777-8888-999999999999}
		{B2C3D4E5-5555-6666-7777-888888888888} = {EEEE5555-6666-7777-8888-999999999999}
		{EEEE2222-3333-4444-5555-666666666666} = {EEEE1111-2222-3333-4444-555555555555}
		{EEEE3333-4444-5555-6666-777777777777} = {EEEE1111-2222-3333-4444-555555555555}
		{EEEE4444-5555-6666-7777-888888888888} = {EEEE1111-2222-3333-4444-555555555555}
		{CF5D90D0-312B-7ABE-205C-46E7A17D525C} = {EEEE1111-2222-3333-4444-555555555555}
		{DD38CE5C-21AB-4259-BD4F-425E0A0C1D54} = {CF5D90D0-312B-7ABE-205C-46E7A17D525C}
		{9DB1117A-9254-447F-87D7-547F2D47690A} = {EEEE1111-2222-3333-4444-555555555555}
		{0846E4F0-8688-40E8-9222-C649CD0E0690} = {EEEE1111-2222-3333-4444-555555555555}
		{34BBC5CE-A39E-7A2A-2A36-A0D4F8578427} = {EEEE1111-2222-3333-4444-555555555555}
		{513F56F3-234A-4ACC-8863-E4F086FF46CD} = {34BBC5CE-A39E-7A2A-2A36-A0D4F8578427}
	EndGlobalSection
	GlobalSection(ExtensibilityGlobals) = postSolution
		SolutionGuid = {F1A2B3C4-D5E6-7890-ABCD-EF1234567890}
	EndGlobalSection
EndGlobal
